
Microsoft Visual Studio Solution File, Format Version 12.00
# Visual Studio Version 17
VisualStudioVersion = 17.2.32519.379
MinimumVisualStudioVersion = 10.0.40219.1
Project("{2150E333-8FDC-42A3-9474-1A3956D46DE8}") = "Doc", "Doc", "{99B7D601-C3F4-4907-A51C-C298C858B24F}"
EndProject
Project("{2150E333-8FDC-42A3-9474-1A3956D46DE8}") = "Src", "Src", "{DB4EED7B-C542-4745-9C27-EC196BA9AA46}"
EndProject
Project("{2150E333-8FDC-42A3-9474-1A3956D46DE8}") = "Test", "Test", "{5C9D1951-CB91-4144-8CDA-DE6FECB9F4AA}"
EndProject
Project("{2150E333-8FDC-42A3-9474-1A3956D46DE8}") = "Common", "Common", "{C8FF7D0B-7DD2-4E70-896C-C5F4CEF2C4C1}"
EndProject
Project("{2150E333-8FDC-42A3-9474-1A3956D46DE8}") = "Core", "Core", "{07542FD5-02EA-4598-9F2A-99C63CFEA8B4}"
EndProject
Project("{2150E333-8FDC-42A3-9474-1A3956D46DE8}") = "Infrastracture", "Infrastracture", "{349A285C-CE6E-4296-954C-C79202DAA8F3}"
EndProject
Project("{2150E333-8FDC-42A3-9474-1A3956D46DE8}") = "Presentation", "Presentation", "{D36C9A58-5827-4E4A-B21B-C4DB74FCF6F4}"
EndProject
Project("{9A19103F-16F7-4668-BE54-9A1E7A4F7556}") = "Project.Common", "Project.Common\Project.Common.csproj", "{244C7669-B069-4BB9-9614-8D56E250F9D3}"
EndProject
Project("{9A19103F-16F7-4668-BE54-9A1E7A4F7556}") = "Project.Application", "Project.Application\Project.Application.csproj", "{7FFDF471-DCA8-43B4-BC9B-4E33277A04C1}"
EndProject
Project("{9A19103F-16F7-4668-BE54-9A1E7A4F7556}") = "Project.Domain", "Project.Domain\Project.Domain.csproj", "{C4DC97A4-01F5-4E66-A9B4-213F0ABBD23D}"
EndProject
Project("{9A19103F-16F7-4668-BE54-9A1E7A4F7556}") = "Project.Infrastructure", "Project.Infrastructure\Project.Infrastructure.csproj", "{14BB02DF-1CED-41A1-ACD7-7E001D71C301}"
EndProject
Project("{9A19103F-16F7-4668-BE54-9A1E7A4F7556}") = "Project.Presistence", "Project.Presistence\Project.Presistence.csproj", "{92068BDA-65B2-46E9-8686-A8E77BC5288D}"
EndProject
Project("{FAE04EC0-301F-11D3-BF4B-00C04F79EFBC}") = "EndPoint", "EndPoint\EndPoint.csproj", "{28A01ED3-0ACF-4B6F-A085-478306101942}"
EndProject
Global
	GlobalSection(SolutionConfigurationPlatforms) = preSolution
		Debug|Any CPU = Debug|Any CPU
		Release|Any CPU = Release|Any CPU
	EndGlobalSection
	GlobalSection(ProjectConfigurationPlatforms) = postSolution
		{244C7669-B069-4BB9-9614-8D56E250F9D3}.Debug|Any CPU.ActiveCfg = Debug|Any CPU
		{244C7669-B069-4BB9-9614-8D56E250F9D3}.Debug|Any CPU.Build.0 = Debug|Any CPU
		{244C7669-B069-4BB9-9614-8D56E250F9D3}.Release|Any CPU.ActiveCfg = Release|Any CPU
		{244C7669-B069-4BB9-9614-8D56E250F9D3}.Release|Any CPU.Build.0 = Release|Any CPU
		{7FFDF471-DCA8-43B4-BC9B-4E33277A04C1}.Debug|Any CPU.ActiveCfg = Debug|Any CPU
		{7FFDF471-DCA8-43B4-BC9B-4E33277A04C1}.Debug|Any CPU.Build.0 = Debug|Any CPU
		{7FFDF471-DCA8-43B4-BC9B-4E33277A04C1}.Release|Any CPU.ActiveCfg = Release|Any CPU
		{7FFDF471-DCA8-43B4-BC9B-4E33277A04C1}.Release|Any CPU.Build.0 = Release|Any CPU
		{C4DC97A4-01F5-4E66-A9B4-213F0ABBD23D}.Debug|Any CPU.ActiveCfg = Debug|Any CPU
		{C4DC97A4-01F5-4E66-A9B4-213F0ABBD23D}.Debug|Any CPU.Build.0 = Debug|Any CPU
		{C4DC97A4-01F5-4E66-A9B4-213F0ABBD23D}.Release|Any CPU.ActiveCfg = Release|Any CPU
		{C4DC97A4-01F5-4E66-A9B4-213F0ABBD23D}.Release|Any CPU.Build.0 = Release|Any CPU
		{14BB02DF-1CED-41A1-ACD7-7E001D71C301}.Debug|Any CPU.ActiveCfg = Debug|Any CPU
		{14BB02DF-1CED-41A1-ACD7-7E001D71C301}.Debug|Any CPU.Build.0 = Debug|Any CPU
		{14BB02DF-1CED-41A1-ACD7-7E001D71C301}.Release|Any CPU.ActiveCfg = Release|Any CPU
		{14BB02DF-1CED-41A1-ACD7-7E001D71C301}.Release|Any CPU.Build.0 = Release|Any CPU
		{92068BDA-65B2-46E9-8686-A8E77BC5288D}.Debug|Any CPU.ActiveCfg = Debug|Any CPU
		{92068BDA-65B2-46E9-8686-A8E77BC5288D}.Debug|Any CPU.Build.0 = Debug|Any CPU
		{92068BDA-65B2-46E9-8686-A8E77BC5288D}.Release|Any CPU.ActiveCfg = Release|Any CPU
		{92068BDA-65B2-46E9-8686-A8E77BC5288D}.Release|Any CPU.Build.0 = Release|Any CPU
		{28A01ED3-0ACF-4B6F-A085-478306101942}.Debug|Any CPU.ActiveCfg = Debug|Any CPU
		{28A01ED3-0ACF-4B6F-A085-478306101942}.Debug|Any CPU.Build.0 = Debug|Any CPU
		{28A01ED3-0ACF-4B6F-A085-478306101942}.Release|Any CPU.ActiveCfg = Release|Any CPU
		{28A01ED3-0ACF-4B6F-A085-478306101942}.Release|Any CPU.Build.0 = Release|Any CPU
	EndGlobalSection
	GlobalSection(SolutionProperties) = preSolution
		HideSolutionNode = FALSE
	EndGlobalSection
	GlobalSection(NestedProjects) = preSolution
		{C8FF7D0B-7DD2-4E70-896C-C5F4CEF2C4C1} = {DB4EED7B-C542-4745-9C27-EC196BA9AA46}
		{07542FD5-02EA-4598-9F2A-99C63CFEA8B4} = {DB4EED7B-C542-4745-9C27-EC196BA9AA46}
		{349A285C-CE6E-4296-954C-C79202DAA8F3} = {DB4EED7B-C542-4745-9C27-EC196BA9AA46}
		{D36C9A58-5827-4E4A-B21B-C4DB74FCF6F4} = {DB4EED7B-C542-4745-9C27-EC196BA9AA46}
		{244C7669-B069-4BB9-9614-8D56E250F9D3} = {C8FF7D0B-7DD2-4E70-896C-C5F4CEF2C4C1}
		{7FFDF471-DCA8-43B4-BC9B-4E33277A04C1} = {07542FD5-02EA-4598-9F2A-99C63CFEA8B4}
		{C4DC97A4-01F5-4E66-A9B4-213F0ABBD23D} = {07542FD5-02EA-4598-9F2A-99C63CFEA8B4}
		{14BB02DF-1CED-41A1-ACD7-7E001D71C301} = {349A285C-CE6E-4296-954C-C79202DAA8F3}
		{92068BDA-65B2-46E9-8686-A8E77BC5288D} = {349A285C-CE6E-4296-954C-C79202DAA8F3}
		{28A01ED3-0ACF-4B6F-A085-478306101942} = {D36C9A58-5827-4E4A-B21B-C4DB74FCF6F4}
	EndGlobalSection
	GlobalSection(ExtensibilityGlobals) = postSolution
		SolutionGuid = {CCEA90D7-FC04-46C4-94B5-7B7C115B7F1F}
	EndGlobalSection
EndGlobal
